<?xml version="1.0" encoding="utf-8"?>
<Project ToolsVersion="4.0" xmlns="http://schemas.microsoft.com/developer/msbuild/2003">
  <ItemGroup>
    <Filter Include="Resource Files">
      <UniqueIdentifier>{67DA6AB6-F800-4c08-8B7A-83BB121AAD01}</UniqueIdentifier>
      <Extensions>rc;ico;cur;bmp;dlg;rc2;rct;bin;rgs;gif;jpg;jpeg;jpe;resx;tiff;tif;png;wav;mfcribbon-ms</Extensions>
    </Filter>
    <Filter Include="Source Files">
      <UniqueIdentifier>{29a16444-051d-4cbb-90d7-a90908ee0f73}</UniqueIdentifier>
    </Filter>
    <Filter Include="Source Files\Models">
      <UniqueIdentifier>{8ca08654-565e-4e63-8fe0-61d056f0df6f}</UniqueIdentifier>
    </Filter>
    <Filter Include="Source Files\ViewModel">
      <UniqueIdentifier>{25d7ad59-6505-4596-b143-477060aa73cc}</UniqueIdentifier>
    </Filter>
    <Filter Include="Source Files\StaticData">
      <UniqueIdentifier>{52f26ddf-64d6-4108-b544-d3d0d2194835}</UniqueIdentifier>
    </Filter>
    <Filter Include="Source Files\CommandSystem">
      <UniqueIdentifier>{58b3581f-322b-46ad-931d-64c7350672d7}</UniqueIdentifier>
    </Filter>
    <Filter Include="Source Files\CommandSystem\Commands">
      <UniqueIdentifier>{1e42671c-0ce9-43f8-88af-04b19bfb535a}</UniqueIdentifier>
    </Filter>
    <Filter Include="Source Files\MatchMaking">
      <UniqueIdentifier>{ab261500-747e-4a89-b92d-fed4f410aba1}</UniqueIdentifier>
    </Filter>
    <Filter Include="Source Files\Exceptions">
      <UniqueIdentifier>{a328bb26-d53b-4bf4-b2ef-7ffac7f73464}</UniqueIdentifier>
    </Filter>
  </ItemGroup>
  <ItemGroup>
    <ClInclude Include="Model\DraftDeck.h">
      <Filter>Source Files\Models</Filter>
    </ClInclude>
    <ClInclude Include="StaticData\JsonStaticDataManager.h">
      <Filter>Source Files\StaticData</Filter>
    </ClInclude>
    <ClInclude Include="StaticData\TestStaticDataManager.h">
      <Filter>Source Files\StaticData</Filter>
    </ClInclude>
    <ClInclude Include="StaticData\Card.h">
      <Filter>Source Files\StaticData</Filter>
    </ClInclude>
    <ClInclude Include="StaticData\GameConfig.h">
      <Filter>Source Files\StaticData</Filter>
    </ClInclude>
    <ClInclude Include="StaticData\IStaticDataManager.h">
      <Filter>Source Files\StaticData</Filter>
    </ClInclude>
    <ClInclude Include="Model\DraftPile.h">
      <Filter>Source Files\Models</Filter>
    </ClInclude>
    <ClInclude Include="Model\Player.h">
      <Filter>Source Files\Models</Filter>
    </ClInclude>
    <ClInclude Include="Model\GameState.h">
      <Filter>Source Files\Models</Filter>
    </ClInclude>
    <ClInclude Include="Model\DraftBoard.h">
      <Filter>Source Files\Models</Filter>
    </ClInclude>
    <ClInclude Include="ViewModel\DispatcherViewModel.h">
      <Filter>Source Files\ViewModel</Filter>
    </ClInclude>
    <ClInclude Include="ViewModel\AbstractListenerView.h">
      <Filter>Source Files\ViewModel</Filter>
    </ClInclude>
    <ClInclude Include="CommandSystem\AbstractCommand.h">
      <Filter>Source Files\CommandSystem</Filter>
    </ClInclude>
    <ClInclude Include="CommandSystem\CommandProcessor.h">
      <Filter>Source Files\CommandSystem</Filter>
    </ClInclude>
    <ClInclude Include="Model\PhaseStack.h">
      <Filter>Source Files\Models</Filter>
    </ClInclude>
    <ClInclude Include="CommandSystem\Commands\DraftAtIndexCommand.h">
      <Filter>Source Files\CommandSystem\Commands</Filter>
    </ClInclude>
    <ClInclude Include="CommandSystem\Commands\DraftSkipPileCommand.h">
      <Filter>Source Files\CommandSystem\Commands</Filter>
    </ClInclude>
    <ClInclude Include="CommandSystem\Commands\Commands.h">
      <Filter>Source Files\CommandSystem\Commands</Filter>
    </ClInclude>
    <ClInclude Include="MatchMaking\IMatchMaker.h">
      <Filter>Source Files\MatchMaking</Filter>
    </ClInclude>
    <ClInclude Include="MatchMaking\TestMatchMaker.h">
      <Filter>Source Files\MatchMaking</Filter>
    </ClInclude>
    <ClInclude Include="Exceptions\ModelLogicError.h">
      <Filter>Source Files\Exceptions</Filter>
    </ClInclude>
  </ItemGroup>
  <ItemGroup>
    <ClCompile Include="Model\DraftDeck.cpp">
      <Filter>Source Files\Models</Filter>
    </ClCompile>
    <ClCompile Include="StaticData\TestStaticDataManager.cpp">
      <Filter>Source Files\StaticData</Filter>
    </ClCompile>
    <ClCompile Include="StaticData\Card.cpp">
      <Filter>Source Files\StaticData</Filter>
    </ClCompile>
    <ClCompile Include="StaticData\GameConfig.cpp">
      <Filter>Source Files\StaticData</Filter>
    </ClCompile>
    <ClCompile Include="StaticData\IStaticDataManager.cpp">
      <Filter>Source Files\StaticData</Filter>
    </ClCompile>
    <ClCompile Include="StaticData\JsonStaticDataManager.cpp">
      <Filter>Source Files\StaticData</Filter>
    </ClCompile>
    <ClCompile Include="Model\DraftPile.cpp">
      <Filter>Source Files\Models</Filter>
    </ClCompile>
    <ClCompile Include="Model\Player.cpp">
      <Filter>Source Files\Models</Filter>
    </ClCompile>
    <ClCompile Include="Model\DraftBoard.cpp">
      <Filter>Source Files\Models</Filter>
    </ClCompile>
    <ClCompile Include="Model\GameState.cpp">
      <Filter>Source Files\Models</Filter>
    </ClCompile>
    <ClCompile Include="CommandSystem\AbstractCommand.cpp">
      <Filter>Source Files\CommandSystem</Filter>
    </ClCompile>
    <ClCompile Include="CommandSystem\CommandProcessor.cpp">
      <Filter>Source Files\CommandSystem</Filter>
    </ClCompile>
    <ClCompile Include="Model\PhaseStack.cpp">
      <Filter>Source Files\Models</Filter>
    </ClCompile>
    <ClCompile Include="CommandSystem\Commands\DraftAtIndexCommand.cpp">
      <Filter>Source Files\CommandSystem\Commands</Filter>
    </ClCompile>
    <ClCompile Include="CommandSystem\Commands\DraftSkipPileCommand.cpp">
      <Filter>Source Files\CommandSystem\Commands</Filter>
    </ClCompile>
    <ClCompile Include="MatchMaking\IMatchMaker.cpp">
      <Filter>Source Files\MatchMaking</Filter>
    </ClCompile>
    <ClCompile Include="MatchMaking\TestMatchMaker.cpp">
      <Filter>Source Files\MatchMaking</Filter>
    </ClCompile>
  </ItemGroup>
</Project>