<?xml version="1.0" encoding="utf-8"?>
<Project ToolsVersion="16.0" xmlns="http://schemas.microsoft.com/developer/msbuild/2003">
  <ItemGroup>
    <CustomBuild Include="C:\Projects\GameProjectsLocal\Cocos2dx\DraftCraft\proj.win32\CMakeFiles\5c5aacd353a6102b567e7b731ef3cf3e\generate.stamp.rule">
      <Filter>CMake Rules</Filter>
    </CustomBuild>
  </ItemGroup>
  <ItemGroup>
    <Filter Include="CMake Rules">
      <UniqueIdentifier>{A4025A76-DFCF-30BC-A633-6541535906BF}</UniqueIdentifier>
    </Filter>
  </ItemGroup>
</Project>
